// !$*UTF8*$!
{
	archiveVersion = 1;
	classes = {
	};
	objectVersion = 46;
	objects = {

/* Begin PBXBuildFile section */
		8D58DC7F1CD05B02004397B0 /* 箭头向上.png in Resources */ = {isa = PBXBuildFile; fileRef = 8D58DC7E1CD05B02004397B0 /* 箭头向上.png */; };
		8D58DC811CD05B1D004397B0 /* 箭头向下.png in Resources */ = {isa = PBXBuildFile; fileRef = 8D58DC801CD05B1D004397B0 /* 箭头向下.png */; };
		8D58DC841CD09745004397B0 /* SegmentButton.m in Sources */ = {isa = PBXBuildFile; fileRef = 8D58DC831CD09745004397B0 /* SegmentButton.m */; };
		8DB013971CCF72B400789905 /* main.m in Sources */ = {isa = PBXBuildFile; fileRef = 8DB013961CCF72B400789905 /* main.m */; };
		8DB0139A1CCF72B400789905 /* AppDelegate.m in Sources */ = {isa = PBXBuildFile; fileRef = 8DB013991CCF72B400789905 /* AppDelegate.m */; };
		8DB0139D1CCF72B400789905 /* ViewController.m in Sources */ = {isa = PBXBuildFile; fileRef = 8DB0139C1CCF72B400789905 /* ViewController.m */; };
		8DB013A01CCF72B400789905 /* Main.storyboard in Resources */ = {isa = PBXBuildFile; fileRef = 8DB0139E1CCF72B400789905 /* Main.storyboard */; };
		8DB013A21CCF72B400789905 /* Assets.xcassets in Resources */ = {isa = PBXBuildFile; fileRef = 8DB013A11CCF72B400789905 /* Assets.xcassets */; };
		8DB013A51CCF72B400789905 /* LaunchScreen.storyboard in Resources */ = {isa = PBXBuildFile; fileRef = 8DB013A31CCF72B400789905 /* LaunchScreen.storyboard */; };
		8DB013B01CCF72B400789905 /* MoreMenuTests.m in Sources */ = {isa = PBXBuildFile; fileRef = 8DB013AF1CCF72B400789905 /* MoreMenuTests.m */; };
		8DB013BB1CCF72B400789905 /* MoreMenuUITests.m in Sources */ = {isa = PBXBuildFile; fileRef = 8DB013BA1CCF72B400789905 /* MoreMenuUITests.m */; };
		8DB013CA1CCF7D0800789905 /* MoreMenuView.m in Sources */ = {isa = PBXBuildFile; fileRef = 8DB013C91CCF7D0800789905 /* MoreMenuView.m */; };
/* End PBXBuildFile section */

/* Begin PBXContainerItemProxy section */
		8DB013AC1CCF72B400789905 /* PBXContainerItemProxy */ = {
			isa = PBXContainerItemProxy;
			containerPortal = 8DB0138A1CCF72B400789905 /* Project object */;
			proxyType = 1;
			remoteGlobalIDString = 8DB013911CCF72B400789905;
			remoteInfo = MoreMenu;
		};
		8DB013B71CCF72B400789905 /* PBXContainerItemProxy */ = {
			isa = PBXContainerItemProxy;
			containerPortal = 8DB0138A1CCF72B400789905 /* Project object */;
			proxyType = 1;
			remoteGlobalIDString = 8DB013911CCF72B400789905;
			remoteInfo = MoreMenu;
		};
/* End PBXContainerItemProxy section */

/* Begin PBXFileReference section */
		8D58DC7E1CD05B02004397B0 /* 箭头向上.png */ = {isa = PBXFileReference; lastKnownFileType = image.png; path = "箭头向上.png"; sourceTree = "<group>"; };
		8D58DC801CD05B1D004397B0 /* 箭头向下.png */ = {isa = PBXFileReference; lastKnownFileType = image.png; path = "箭头向下.png"; sourceTree = "<group>"; };
		8D58DC821CD09745004397B0 /* SegmentButton.h */ = {isa = PBXFileReference; fileEncoding = 4; lastKnownFileType = sourcecode.c.h; path = SegmentButton.h; sourceTree = "<group>"; };
		8D58DC831CD09745004397B0 /* SegmentButton.m */ = {isa = PBXFileReference; fileEncoding = 4; lastKnownFileType = sourcecode.c.objc; path = SegmentButton.m; sourceTree = "<group>"; };
		8DB013921CCF72B400789905 /* MoreMenu.app */ = {isa = PBXFileReference; explicitFileType = wrapper.application; includeInIndex = 0; path = MoreMenu.app; sourceTree = BUILT_PRODUCTS_DIR; };
		8DB013961CCF72B400789905 /* main.m */ = {isa = PBXFileReference; lastKnownFileType = sourcecode.c.objc; path = main.m; sourceTree = "<group>"; };
		8DB013981CCF72B400789905 /* AppDelegate.h */ = {isa = PBXFileReference; lastKnownFileType = sourcecode.c.h; path = AppDelegate.h; sourceTree = "<group>"; };
		8DB013991CCF72B400789905 /* AppDelegate.m */ = {isa = PBXFileReference; lastKnownFileType = sourcecode.c.objc; path = AppDelegate.m; sourceTree = "<group>"; };
		8DB0139B1CCF72B400789905 /* ViewController.h */ = {isa = PBXFileReference; lastKnownFileType = sourcecode.c.h; path = ViewController.h; sourceTree = "<group>"; };
		8DB0139C1CCF72B400789905 /* ViewController.m */ = {isa = PBXFileReference; lastKnownFileType = sourcecode.c.objc; path = ViewController.m; sourceTree = "<group>"; };
		8DB0139F1CCF72B400789905 /* Base */ = {isa = PBXFileReference; lastKnownFileType = file.storyboard; name = Base; path = Base.lproj/Main.storyboard; sourceTree = "<group>"; };
		8DB013A11CCF72B400789905 /* Assets.xcassets */ = {isa = PBXFileReference; lastKnownFileType = folder.assetcatalog; path = Assets.xcassets; sourceTree = "<group>"; };
		8DB013A41CCF72B400789905 /* Base */ = {isa = PBXFileReference; lastKnownFileType = file.storyboard; name = Base; path = Base.lproj/LaunchScreen.storyboard; sourceTree = "<group>"; };
		8DB013A61CCF72B400789905 /* Info.plist */ = {isa = PBXFileReference; lastKnownFileType = text.plist.xml; path = Info.plist; sourceTree = "<group>"; };
		8DB013AB1CCF72B400789905 /* MoreMenuTests.xctest */ = {isa = PBXFileReference; explicitFileType = wrapper.cfbundle; includeInIndex = 0; path = MoreMenuTests.xctest; sourceTree = BUILT_PRODUCTS_DIR; };
		8DB013AF1CCF72B400789905 /* MoreMenuTests.m */ = {isa = PBXFileReference; lastKnownFileType = sourcecode.c.objc; path = MoreMenuTests.m; sourceTree = "<group>"; };
		8DB013B11CCF72B400789905 /* Info.plist */ = {isa = PBXFileReference; lastKnownFileType = text.plist.xml; path = Info.plist; sourceTree = "<group>"; };
		8DB013B61CCF72B400789905 /* MoreMenuUITests.xctest */ = {isa = PBXFileReference; explicitFileType = wrapper.cfbundle; includeInIndex = 0; path = MoreMenuUITests.xctest; sourceTree = BUILT_PRODUCTS_DIR; };
		8DB013BA1CCF72B400789905 /* MoreMenuUITests.m */ = {isa = PBXFileReference; lastKnownFileType = sourcecode.c.objc; path = MoreMenuUITests.m; sourceTree = "<group>"; };
		8DB013BC1CCF72B400789905 /* Info.plist */ = {isa = PBXFileReference; lastKnownFileType = text.plist.xml; path = Info.plist; sourceTree = "<group>"; };
		8DB013C81CCF7D0800789905 /* MoreMenuView.h */ = {isa = PBXFileReference; fileEncoding = 4; lastKnownFileType = sourcecode.c.h; name = MoreMenuView.h; path = ../MoreMenuView.h; sourceTree = "<group>"; };
		8DB013C91CCF7D0800789905 /* MoreMenuView.m */ = {isa = PBXFileReference; fileEncoding = 4; lastKnownFileType = sourcecode.c.objc; name = MoreMenuView.m; path = ../MoreMenuView.m; sourceTree = "<group>"; };
/* End PBXFileReference section */

/* Begin PBXFrameworksBuildPhase section */
		8DB0138F1CCF72B400789905 /* Frameworks */ = {
			isa = PBXFrameworksBuildPhase;
			buildActionMask = 2147483647;
			files = (
			);
			runOnlyForDeploymentPostprocessing = 0;
		};
		8DB013A81CCF72B400789905 /* Frameworks */ = {
			isa = PBXFrameworksBuildPhase;
			buildActionMask = 2147483647;
			files = (
			);
			runOnlyForDeploymentPostprocessing = 0;
		};
		8DB013B31CCF72B400789905 /* Frameworks */ = {
			isa = PBXFrameworksBuildPhase;
			buildActionMask = 2147483647;
			files = (
			);
			runOnlyForDeploymentPostprocessing = 0;
		};
/* End PBXFrameworksBuildPhase section */

/* Begin PBXGroup section */
		8D58DC7C1CD05AEA004397B0 /* CustomViews */ = {
			isa = PBXGroup;
			children = (
				8DB013C81CCF7D0800789905 /* MoreMenuView.h */,
				8DB013C91CCF7D0800789905 /* MoreMenuView.m */,
				8D58DC821CD09745004397B0 /* SegmentButton.h */,
				8D58DC831CD09745004397B0 /* SegmentButton.m */,
			);
			path = CustomViews;
			sourceTree = "<group>";
		};
		8D58DC7D1CD05AEA004397B0 /* Images */ = {
			isa = PBXGroup;
			children = (
				8D58DC7E1CD05B02004397B0 /* 箭头向上.png */,
				8D58DC801CD05B1D004397B0 /* 箭头向下.png */,
			);
			path = Images;
			sourceTree = "<group>";
		};
		8DB013891CCF72B400789905 = {
			isa = PBXGroup;
			children = (
				8DB013941CCF72B400789905 /* MoreMenu */,
				8DB013AE1CCF72B400789905 /* MoreMenuTests */,
				8DB013B91CCF72B400789905 /* MoreMenuUITests */,
				8DB013931CCF72B400789905 /* Products */,
			);
			sourceTree = "<group>";
		};
		8DB013931CCF72B400789905 /* Products */ = {
			isa = PBXGroup;
			children = (
				8DB013921CCF72B400789905 /* MoreMenu.app */,
				8DB013AB1CCF72B400789905 /* MoreMenuTests.xctest */,
				8DB013B61CCF72B400789905 /* MoreMenuUITests.xctest */,
			);
			name = Products;
			sourceTree = "<group>";
		};
		8DB013941CCF72B400789905 /* MoreMenu */ = {
			isa = PBXGroup;
			children = (
				8D58DC7C1CD05AEA004397B0 /* CustomViews */,
				8D58DC7D1CD05AEA004397B0 /* Images */,
				8DB013981CCF72B400789905 /* AppDelegate.h */,
				8DB013991CCF72B400789905 /* AppDelegate.m */,
				8DB0139B1CCF72B400789905 /* ViewController.h */,
				8DB0139C1CCF72B400789905 /* ViewController.m */,
				8DB0139E1CCF72B400789905 /* Main.storyboard */,
				8DB013A11CCF72B400789905 /* Assets.xcassets */,
				8DB013A31CCF72B400789905 /* LaunchScreen.storyboard */,
				8DB013A61CCF72B400789905 /* Info.plist */,
				8DB013951CCF72B400789905 /* Supporting Files */,
			);
			path = MoreMenu;
			sourceTree = "<group>";
		};
		8DB013951CCF72B400789905 /* Supporting Files */ = {
			isa = PBXGroup;
			children = (
				8DB013961CCF72B400789905 /* main.m */,
			);
			name = "Supporting Files";
			sourceTree = "<group>";
		};
		8DB013AE1CCF72B400789905 /* MoreMenuTests */ = {
			isa = PBXGroup;
			children = (
				8DB013AF1CCF72B400789905 /* MoreMenuTests.m */,
				8DB013B11CCF72B400789905 /* Info.plist */,
			);
			path = MoreMenuTests;
			sourceTree = "<group>";
		};
		8DB013B91CCF72B400789905 /* MoreMenuUITests */ = {
			isa = PBXGroup;
			children = (
				8DB013BA1CCF72B400789905 /* MoreMenuUITests.m */,
				8DB013BC1CCF72B400789905 /* Info.plist */,
			);
			path = MoreMenuUITests;
			sourceTree = "<group>";
		};
/* End PBXGroup section */

/* Begin PBXNativeTarget section */
		8DB013911CCF72B400789905 /* MoreMenu */ = {
			isa = PBXNativeTarget;
			buildConfigurationList = 8DB013BF1CCF72B400789905 /* Build configuration list for PBXNativeTarget "MoreMenu" */;
			buildPhases = (
				8DB0138E1CCF72B400789905 /* Sources */,
				8DB0138F1CCF72B400789905 /* Frameworks */,
				8DB013901CCF72B400789905 /* Resources */,
			);
			buildRules = (
			);
			dependencies = (
			);
			name = MoreMenu;
			productName = MoreMenu;
			productReference = 8DB013921CCF72B400789905 /* MoreMenu.app */;
			productType = "com.apple.product-type.application";
		};
		8DB013AA1CCF72B400789905 /* MoreMenuTests */ = {
			isa = PBXNativeTarget;
			buildConfigurationList = 8DB013C21CCF72B400789905 /* Build configuration list for PBXNativeTarget "MoreMenuTests" */;
			buildPhases = (
				8DB013A71CCF72B400789905 /* Sources */,
				8DB013A81CCF72B400789905 /* Frameworks */,
				8DB013A91CCF72B400789905 /* Resources */,
			);
			buildRules = (
			);
			dependencies = (
				8DB013AD1CCF72B400789905 /* PBXTargetDependency */,
			);
			name = MoreMenuTests;
			productName = MoreMenuTests;
			productReference = 8DB013AB1CCF72B400789905 /* MoreMenuTests.xctest */;
			productType = "com.apple.product-type.bundle.unit-test";
		};
		8DB013B51CCF72B400789905 /* MoreMenuUITests */ = {
			isa = PBXNativeTarget;
			buildConfigurationList = 8DB013C51CCF72B400789905 /* Build configuration list for PBXNativeTarget "MoreMenuUITests" */;
			buildPhases = (
				8DB013B21CCF72B400789905 /* Sources */,
				8DB013B31CCF72B400789905 /* Frameworks */,
				8DB013B41CCF72B400789905 /* Resources */,
			);
			buildRules = (
			);
			dependencies = (
				8DB013B81CCF72B400789905 /* PBXTargetDependency */,
			);
			name = MoreMenuUITests;
			productName = MoreMenuUITests;
			productReference = 8DB013B61CCF72B400789905 /* MoreMenuUITests.xctest */;
			productType = "com.apple.product-type.bundle.ui-testing";
		};
/* End PBXNativeTarget section */

/* Begin PBXProject section */
		8DB0138A1CCF72B400789905 /* Project object */ = {
			isa = PBXProject;
			attributes = {
				LastUpgradeCheck = 0730;
				ORGANIZATIONNAME = asura;
				TargetAttributes = {
					8DB013911CCF72B400789905 = {
						CreatedOnToolsVersion = 7.3;
					};
					8DB013AA1CCF72B400789905 = {
						CreatedOnToolsVersion = 7.3;
						TestTargetID = 8DB013911CCF72B400789905;
					};
					8DB013B51CCF72B400789905 = {
						CreatedOnToolsVersion = 7.3;
						TestTargetID = 8DB013911CCF72B400789905;
					};
				};
			};
			buildConfigurationList = 8DB0138D1CCF72B400789905 /* Build configuration list for PBXProject "MoreMenu" */;
			compatibilityVersion = "Xcode 3.2";
			developmentRegion = English;
			hasScannedForEncodings = 0;
			knownRegions = (
				en,
				Base,
			);
			mainGroup = 8DB013891CCF72B400789905;
			productRefGroup = 8DB013931CCF72B400789905 /* Products */;
			projectDirPath = "";
			projectRoot = "";
			targets = (
				8DB013911CCF72B400789905 /* MoreMenu */,
				8DB013AA1CCF72B400789905 /* MoreMenuTests */,
				8DB013B51CCF72B400789905 /* MoreMenuUITests */,
			);
		};
/* End PBXProject section */

/* Begin PBXResourcesBuildPhase section */
		8DB013901CCF72B400789905 /* Resources */ = {
			isa = PBXResourcesBuildPhase;
			buildActionMask = 2147483647;
			files = (
				8DB013A51CCF72B400789905 /* LaunchScreen.storyboard in Resources */,
				8D58DC811CD05B1D004397B0 /* 箭头向下.png in Resources */,
				8DB013A21CCF72B400789905 /* Assets.xcassets in Resources */,
				8DB013A01CCF72B400789905 /* Main.storyboard in Resources */,
				8D58DC7F1CD05B02004397B0 /* 箭头向上.png in Resources */,
			);
			runOnlyForDeploymentPostprocessing = 0;
		};
		8DB013A91CCF72B400789905 /* Resources */ = {
			isa = PBXResourcesBuildPhase;
			buildActionMask = 2147483647;
			files = (
			);
			runOnlyForDeploymentPostprocessing = 0;
		};
		8DB013B41CCF72B400789905 /* Resources */ = {
			isa = PBXResourcesBuildPhase;
			buildActionMask = 2147483647;
			files = (
			);
			runOnlyForDeploymentPostprocessing = 0;
		};
/* End PBXResourcesBuildPhase section */

/* Begin PBXSourcesBuildPhase section */
		8DB0138E1CCF72B400789905 /* Sources */ = {
			isa = PBXSourcesBuildPhase;
			buildActionMask = 2147483647;
			files = (
				8D58DC841CD09745004397B0 /* SegmentButton.m in Sources */,
				8DB013CA1CCF7D0800789905 /* MoreMenuView.m in Sources */,
				8DB0139D1CCF72B400789905 /* ViewController.m in Sources */,
				8DB0139A1CCF72B400789905 /* AppDelegate.m in Sources */,
				8DB013971CCF72B400789905 /* main.m in Sources */,
			);
			runOnlyForDeploymentPostprocessing = 0;
		};
		8DB013A71CCF72B400789905 /* Sources */ = {
			isa = PBXSourcesBuildPhase;
			buildActionMask = 2147483647;
			files = (
				8DB013B01CCF72B400789905 /* MoreMenuTests.m in Sources */,
			);
			runOnlyForDeploymentPostprocessing = 0;
		};
		8DB013B21CCF72B400789905 /* Sources */ = {
			isa = PBXSourcesBuildPhase;
			buildActionMask = 2147483647;
			files = (
				8DB013BB1CCF72B400789905 /* MoreMenuUITests.m in Sources */,
			);
			runOnlyForDeploymentPostprocessing = 0;
		};
/* End PBXSourcesBuildPhase section */

/* Begin PBXTargetDependency section */
		8DB013AD1CCF72B400789905 /* PBXTargetDependency */ = {
			isa = PBXTargetDependency;
			target = 8DB013911CCF72B400789905 /* MoreMenu */;
			targetProxy = 8DB013AC1CCF72B400789905 /* PBXContainerItemProxy */;
		};
		8DB013B81CCF72B400789905 /* PBXTargetDependency */ = {
			isa = PBXTargetDependency;
			target = 8DB013911CCF72B400789905 /* MoreMenu */;
			targetProxy = 8DB013B71CCF72B400789905 /* PBXContainerItemProxy */;
		};
/* End PBXTargetDependency section */

/* Begin PBXVariantGroup section */
		8DB0139E1CCF72B400789905 /* Main.storyboard */ = {
			isa = PBXVariantGroup;
			children = (
				8DB0139F1CCF72B400789905 /* Base */,
			);
			name = Main.storyboard;
			sourceTree = "<group>";
		};
		8DB013A31CCF72B400789905 /* LaunchScreen.storyboard */ = {
			isa = PBXVariantGroup;
			children = (
				8DB013A41CCF72B400789905 /* Base */,
			);
			name = LaunchScreen.storyboard;
			sourceTree = "<group>";
		};
/* End PBXVariantGroup section */

/* Begin XCBuildConfiguration section */
		8DB013BD1CCF72B400789905 /* Debug */ = {
			isa = XCBuildConfiguration;
			buildSettings = {
				ALWAYS_SEARCH_USER_PATHS = NO;
				CLANG_ANALYZER_NONNULL = YES;
				CLANG_CXX_LANGUAGE_STANDARD = "gnu++0x";
				CLANG_CXX_LIBRARY = "libc++";
				CLANG_ENABLE_MODULES = YES;
				CLANG_ENABLE_OBJC_ARC = YES;
				CLANG_WARN_BOOL_CONVERSION = YES;
				CLANG_WARN_CONSTANT_CONVERSION = YES;
				CLANG_WARN_DIRECT_OBJC_ISA_USAGE = YES_ERROR;
				CLANG_WARN_EMPTY_BODY = YES;
				CLANG_WARN_ENUM_CONVERSION = YES;
				CLANG_WARN_INT_CONVERSION = YES;
				CLANG_WARN_OBJC_ROOT_CLASS = YES_ERROR;
				CLANG_WARN_UNREACHABLE_CODE = YES;
				CLANG_WARN__DUPLICATE_METHOD_MATCH = YES;
				"CODE_SIGN_IDENTITY[sdk=iphoneos*]" = "iPhone Developer";
				COPY_PHASE_STRIP = NO;
				DEBUG_INFORMATION_FORMAT = dwarf;
				ENABLE_STRICT_OBJC_MSGSEND = YES;
				ENABLE_TESTABILITY = YES;
				GCC_C_LANGUAGE_STANDARD = gnu99;
				GCC_DYNAMIC_NO_PIC = NO;
				GCC_NO_COMMON_BLOCKS = YES;
				GCC_OPTIMIZATION_LEVEL = 0;
				GCC_PREPROCESSOR_DEFINITIONS = (
					"DEBUG=1",
					"$(inherited)",
				);
				GCC_WARN_64_TO_32_BIT_CONVERSION = YES;
				GCC_WARN_ABOUT_RETURN_TYPE = YES_ERROR;
				GCC_WARN_UNDECLARED_SELECTOR = YES;
				GCC_WARN_UNINITIALIZED_AUTOS = YES_AGGRESSIVE;
				GCC_WARN_UNUSED_FUNCTION = YES;
				GCC_WARN_UNUSED_VARIABLE = YES;
				IPHONEOS_DEPLOYMENT_TARGET = 9.3;
				MTL_ENABLE_DEBUG_INFO = YES;
				ONLY_ACTIVE_ARCH = YES;
				SDKROOT = iphoneos;
				TARGETED_DEVICE_FAMILY = "1,2";
			};
			name = Debug;
		};
		8DB013BE1CCF72B400789905 /* Release */ = {
			isa = XCBuildConfiguration;
			buildSettings = {
				ALWAYS_SEARCH_USER_PATHS = NO;
				CLANG_ANALYZER_NONNULL = YES;
				CLANG_CXX_LANGUAGE_STANDARD = "gnu++0x";
				CLANG_CXX_LIBRARY = "libc++";
				CLANG_ENABLE_MODULES = YES;
				CLANG_ENABLE_OBJC_ARC = YES;
				CLANG_WARN_BOOL_CONVERSION = YES;
				CLANG_WARN_CONSTANT_CONVERSION = YES;
				CLANG_WARN_DIRECT_OBJC_ISA_USAGE = YES_ERROR;
				CLANG_WARN_EMPTY_BODY = YES;
				CLANG_WARN_ENUM_CONVERSION = YES;
				CLANG_WARN_INT_CONVERSION = YES;
				CLANG_WARN_OBJC_ROOT_CLASS = YES_ERROR;
				CLANG_WARN_UNREACHABLE_CODE = YES;
				CLANG_WARN__DUPLICATE_METHOD_MATCH = YES;
				"CODE_SIGN_IDENTITY[sdk=iphoneos*]" = "iPhone Developer";
				COPY_PHASE_STRIP = NO;
				DEBUG_INFORMATION_FORMAT = "dwarf-with-dsym";
				ENABLE_NS_ASSERTIONS = NO;
				ENABLE_STRICT_OBJC_MSGSEND = YES;
				GCC_C_LANGUAGE_STANDARD = gnu99;
				GCC_NO_COMMON_BLOCKS = YES;
				GCC_WARN_64_TO_32_BIT_CONVERSION = YES;
				GCC_WARN_ABOUT_RETURN_TYPE = YES_ERROR;
				GCC_WARN_UNDECLARED_SELECTOR = YES;
				GCC_WARN_UNINITIALIZED_AUTOS = YES_AGGRESSIVE;
				GCC_WARN_UNUSED_FUNCTION = YES;
				GCC_WARN_UNUSED_VARIABLE = YES;
				IPHONEOS_DEPLOYMENT_TARGET = 9.3;
				MTL_ENABLE_DEBUG_INFO = NO;
				SDKROOT = iphoneos;
				TARGETED_DEVICE_FAMILY = "1,2";
				VALIDATE_PRODUCT = YES;
			};
			name = Release;
		};
		8DB013C01CCF72B400789905 /* Debug */ = {
			isa = XCBuildConfiguration;
			buildSettings = {
				ASSETCATALOG_COMPILER_APPICON_NAME = AppIcon;
				INFOPLIST_FILE = MoreMenu/Info.plist;
				LD_RUNPATH_SEARCH_PATHS = "$(inherited) @executable_path/Frameworks";
				PRODUCT_BUNDLE_IDENTIFIER = www.asura.com.MoreMenu;
				PRODUCT_NAME = "$(TARGET_NAME)";
			};
			name = Debug;
		};
		8DB013C11CCF72B400789905 /* Release */ = {
			isa = XCBuildConfiguration;
			buildSettings = {
				ASSETCATALOG_COMPILER_APPICON_NAME = AppIcon;
				INFOPLIST_FILE = MoreMenu/Info.plist;
				LD_RUNPATH_SEARCH_PATHS = "$(inherited) @executable_path/Frameworks";
				PRODUCT_BUNDLE_IDENTIFIER = www.asura.com.MoreMenu;
				PRODUCT_NAME = "$(TARGET_NAME)";
			};
			name = Release;
		};
		8DB013C31CCF72B400789905 /* Debug */ = {
			isa = XCBuildConfiguration;
			buildSettings = {
				BUNDLE_LOADER = "$(TEST_HOST)";
				INFOPLIST_FILE = MoreMenuTests/Info.plist;
				LD_RUNPATH_SEARCH_PATHS = "$(inherited) @executable_path/Frameworks @loader_path/Frameworks";
				PRODUCT_BUNDLE_IDENTIFIER = www.asura.com.MoreMenuTests;
				PRODUCT_NAME = "$(TARGET_NAME)";
				TEST_HOST = "$(BUILT_PRODUCTS_DIR)/MoreMenu.app/MoreMenu";
			};
			name = Debug;
		};
		8DB013C41CCF72B400789905 /* Release */ = {
			isa = XCBuildConfiguration;
			buildSettings = {
				BUNDLE_LOADER = "$(TEST_HOST)";
				INFOPLIST_FILE = MoreMenuTests/Info.plist;
				LD_RUNPATH_SEARCH_PATHS = "$(inherited) @executable_path/Frameworks @loader_path/Frameworks";
				PRODUCT_BUNDLE_IDENTIFIER = www.asura.com.MoreMenuTests;
				PRODUCT_NAME = "$(TARGET_NAME)";
				TEST_HOST = "$(BUILT_PRODUCTS_DIR)/MoreMenu.app/MoreMenu";
			};
			name = Release;
		};
		8DB013C61CCF72B400789905 /* Debug */ = {
			isa = XCBuildConfiguration;
			buildSettings = {
				INFOPLIST_FILE = MoreMenuUITests/Info.plist;
				LD_RUNPATH_SEARCH_PATHS = "$(inherited) @executable_path/Frameworks @loader_path/Frameworks";
				PRODUCT_BUNDLE_IDENTIFIER = www.asura.com.MoreMenuUITests;
				PRODUCT_NAME = "$(TARGET_NAME)";
				TEST_TARGET_NAME = MoreMenu;
			};
			name = Debug;
		};
		8DB013C71CCF72B400789905 /* Release */ = {
			isa = XCBuildConfiguration;
			buildSettings = {
				INFOPLIST_FILE = MoreMenuUITests/Info.plist;
				LD_RUNPATH_SEARCH_PATHS = "$(inherited) @executable_path/Frameworks @loader_path/Frameworks";
				PRODUCT_BUNDLE_IDENTIFIER = www.asura.com.MoreMenuUITests;
				PRODUCT_NAME = "$(TARGET_NAME)";
				TEST_TARGET_NAME = MoreMenu;
			};
			name = Release;
		};
/* End XCBuildConfiguration section */

/* Begin XCConfigurationList section */
		8DB0138D1CCF72B400789905 /* Build configuration list for PBXProject "MoreMenu" */ = {
			isa = XCConfigurationList;
			buildConfigurations = (
				8DB013BD1CCF72B400789905 /* Debug */,
				8DB013BE1CCF72B400789905 /* Release */,
			);
			defaultConfigurationIsVisible = 0;
			defaultConfigurationName = Release;
		};
		8DB013BF1CCF72B400789905 /* Build configuration list for PBXNativeTarget "MoreMenu" */ = {
			isa = XCConfigurationList;
			buildConfigurations = (
				8DB013C01CCF72B400789905 /* Debug */,
				8DB013C11CCF72B400789905 /* Release */,
			);
			defaultConfigurationIsVisible = 0;
			defaultConfigurationName = Release;
		};
		8DB013C21CCF72B400789905 /* Build configuration list for PBXNativeTarget "MoreMenuTests" */ = {
			isa = XCConfigurationList;
			buildConfigurations = (
				8DB013C31CCF72B400789905 /* Debug */,
				8DB013C41CCF72B400789905 /* Release */,
			);
			defaultConfigurationIsVisible = 0;
			defaultConfigurationName = Release;
		};
		8DB013C51CCF72B400789905 /* Build configuration list for PBXNativeTarget "MoreMenuUITests" */ = {
			isa = XCConfigurationList;
			buildConfigurations = (
				8DB013C61CCF72B400789905 /* Debug */,
				8DB013C71CCF72B400789905 /* Release */,
			);
			defaultConfigurationIsVisible = 0;
			defaultConfigurationName = Release;
		};
/* End XCConfigurationList section */
	};
	rootObject = 8DB0138A1CCF72B400789905 /* Project object */;
}
